
Microsoft Visual Studio Solution File, Format Version 12.00
# Visual Studio Version 16
VisualStudioVersion = 16.0.29911.84
MinimumVisualStudioVersion = 10.0.40219.1
Project("{2150E333-8FDC-42A3-9474-1A3956D46DE8}") = "Application", "Application", "{C8FBAA88-7190-48B4-91F2-BA60A92E4C47}"
EndProject
Project("{2150E333-8FDC-42A3-9474-1A3956D46DE8}") = "Domain", "Domain", "{352F566B-4898-4171-81F4-B0251E791D5B}"
EndProject
Project("{2150E333-8FDC-42A3-9474-1A3956D46DE8}") = "Service", "Service", "{841EC6E9-2C38-4BB8-BF73-2FEE664F766F}"
EndProject
Project("{2150E333-8FDC-42A3-9474-1A3956D46DE8}") = "Infra", "Infra", "{CB60EA0D-95D4-4B3D-9974-6AFE5100C741}"
EndProject
Project("{2150E333-8FDC-42A3-9474-1A3956D46DE8}") = "Data", "Data", "{9715AC47-6054-4605-A3B7-5A4D67204F82}"
EndProject
Project("{2150E333-8FDC-42A3-9474-1A3956D46DE8}") = "CrossCutting", "CrossCutting", "{2A29C890-AD8B-4524-8F5E-7A3EDB19B391}"
EndProject
Project("{FAE04EC0-301F-11D3-BF4B-00C04F79EFBC}") = "Cavaleras.Api", "Cavaleras.Api\Cavaleras.Api.csproj", "{8236641B-4161-4922-B22A-456BAD42FC81}"
EndProject
Project("{FAE04EC0-301F-11D3-BF4B-00C04F79EFBC}") = "Calaveras.Domain", "Calaveras.Domain\Calaveras.Domain.csproj", "{2A51DA81-D08C-45A8-A875-FC9CD23BEE06}"
EndProject
Project("{FAE04EC0-301F-11D3-BF4B-00C04F79EFBC}") = "Cavaleras.Service", "Cavaleras.Service\Cavaleras.Service.csproj", "{8B7541BB-0421-4477-8929-50B21F3EE887}"
EndProject
Project("{FAE04EC0-301F-11D3-BF4B-00C04F79EFBC}") = "Cavaleras.CrossCutting", "Cavaleras.CrossCutting\Cavaleras.CrossCutting.csproj", "{69072F4E-2663-4185-8BBE-70CF0E4F003D}"
EndProject
Project("{FAE04EC0-301F-11D3-BF4B-00C04F79EFBC}") = "Cavaleras.Data", "Cavaleras.Data\Cavaleras.Data.csproj", "{16A287BB-7906-497F-9706-F99F06AC60B8}"
EndProject
Global
	GlobalSection(SolutionConfigurationPlatforms) = preSolution
		Debug|Any CPU = Debug|Any CPU
		Release|Any CPU = Release|Any CPU
	EndGlobalSection
	GlobalSection(ProjectConfigurationPlatforms) = postSolution
		{8236641B-4161-4922-B22A-456BAD42FC81}.Debug|Any CPU.ActiveCfg = Debug|Any CPU
		{8236641B-4161-4922-B22A-456BAD42FC81}.Debug|Any CPU.Build.0 = Debug|Any CPU
		{8236641B-4161-4922-B22A-456BAD42FC81}.Release|Any CPU.ActiveCfg = Release|Any CPU
		{8236641B-4161-4922-B22A-456BAD42FC81}.Release|Any CPU.Build.0 = Release|Any CPU
		{2A51DA81-D08C-45A8-A875-FC9CD23BEE06}.Debug|Any CPU.ActiveCfg = Debug|Any CPU
		{2A51DA81-D08C-45A8-A875-FC9CD23BEE06}.Debug|Any CPU.Build.0 = Debug|Any CPU
		{2A51DA81-D08C-45A8-A875-FC9CD23BEE06}.Release|Any CPU.ActiveCfg = Release|Any CPU
		{2A51DA81-D08C-45A8-A875-FC9CD23BEE06}.Release|Any CPU.Build.0 = Release|Any CPU
		{8B7541BB-0421-4477-8929-50B21F3EE887}.Debug|Any CPU.ActiveCfg = Debug|Any CPU
		{8B7541BB-0421-4477-8929-50B21F3EE887}.Debug|Any CPU.Build.0 = Debug|Any CPU
		{8B7541BB-0421-4477-8929-50B21F3EE887}.Release|Any CPU.ActiveCfg = Release|Any CPU
		{8B7541BB-0421-4477-8929-50B21F3EE887}.Release|Any CPU.Build.0 = Release|Any CPU
		{69072F4E-2663-4185-8BBE-70CF0E4F003D}.Debug|Any CPU.ActiveCfg = Debug|Any CPU
		{69072F4E-2663-4185-8BBE-70CF0E4F003D}.Debug|Any CPU.Build.0 = Debug|Any CPU
		{69072F4E-2663-4185-8BBE-70CF0E4F003D}.Release|Any CPU.ActiveCfg = Release|Any CPU
		{69072F4E-2663-4185-8BBE-70CF0E4F003D}.Release|Any CPU.Build.0 = Release|Any CPU
		{16A287BB-7906-497F-9706-F99F06AC60B8}.Debug|Any CPU.ActiveCfg = Debug|Any CPU
		{16A287BB-7906-497F-9706-F99F06AC60B8}.Debug|Any CPU.Build.0 = Debug|Any CPU
		{16A287BB-7906-497F-9706-F99F06AC60B8}.Release|Any CPU.ActiveCfg = Release|Any CPU
		{16A287BB-7906-497F-9706-F99F06AC60B8}.Release|Any CPU.Build.0 = Release|Any CPU
	EndGlobalSection
	GlobalSection(SolutionProperties) = preSolution
		HideSolutionNode = FALSE
	EndGlobalSection
	GlobalSection(NestedProjects) = preSolution
		{9715AC47-6054-4605-A3B7-5A4D67204F82} = {CB60EA0D-95D4-4B3D-9974-6AFE5100C741}
		{2A29C890-AD8B-4524-8F5E-7A3EDB19B391} = {CB60EA0D-95D4-4B3D-9974-6AFE5100C741}
		{8236641B-4161-4922-B22A-456BAD42FC81} = {C8FBAA88-7190-48B4-91F2-BA60A92E4C47}
		{2A51DA81-D08C-45A8-A875-FC9CD23BEE06} = {352F566B-4898-4171-81F4-B0251E791D5B}
		{8B7541BB-0421-4477-8929-50B21F3EE887} = {841EC6E9-2C38-4BB8-BF73-2FEE664F766F}
		{69072F4E-2663-4185-8BBE-70CF0E4F003D} = {2A29C890-AD8B-4524-8F5E-7A3EDB19B391}
		{16A287BB-7906-497F-9706-F99F06AC60B8} = {9715AC47-6054-4605-A3B7-5A4D67204F82}
	EndGlobalSection
	GlobalSection(ExtensibilityGlobals) = postSolution
		SolutionGuid = {3AA3EADA-4F81-4AC1-8042-5B332CD0E5D5}
	EndGlobalSection
EndGlobal
